// !$*UTF8*$!
{
	archiveVersion = 1;
	classes = {
	};
	objectVersion = 56;
	objects = {

/* Begin PBXBuildFile section */
		654E5B472B22278700FBE0CF /* PokemonDetailView.swift in Sources */ = {isa = PBXBuildFile; fileRef = 654E5B462B22278700FBE0CF /* PokemonDetailView.swift */; };
		F5189E482B1D10ED003E6699 /* pokedexApp.swift in Sources */ = {isa = PBXBuildFile; fileRef = F5189E472B1D10ED003E6699 /* pokedexApp.swift */; };
		F5189E4A2B1D10ED003E6699 /* PokemonListView.swift in Sources */ = {isa = PBXBuildFile; fileRef = F5189E492B1D10ED003E6699 /* PokemonListView.swift */; };
		F5189E4C2B1D10EF003E6699 /* Assets.xcassets in Resources */ = {isa = PBXBuildFile; fileRef = F5189E4B2B1D10EF003E6699 /* Assets.xcassets */; };
		F5189E4F2B1D10EF003E6699 /* Preview Assets.xcassets in Resources */ = {isa = PBXBuildFile; fileRef = F5189E4E2B1D10EF003E6699 /* Preview Assets.xcassets */; };
		F5189E5B2B1D2B17003E6699 /* PokemonData.swift in Sources */ = {isa = PBXBuildFile; fileRef = F5189E5A2B1D2B17003E6699 /* PokemonData.swift */; };
		F546BE272B242F4E00120E02 /* PokemonGridItemView.swift in Sources */ = {isa = PBXBuildFile; fileRef = F546BE262B242E6A00120E02 /* PokemonGridItemView.swift */; };
		F546BE2F2B243B1700120E02 /* PokedexLogo.swift in Sources */ = {isa = PBXBuildFile; fileRef = F546BE2E2B243B1700120E02 /* PokedexLogo.swift */; };
		F58BBA842B248AE500C9437E /* PokemonGridView.swift in Sources */ = {isa = PBXBuildFile; fileRef = F58BBA832B248AE400C9437E /* PokemonGridView.swift */; };
		F58BBA862B248D9300C9437E /* PokemonListItemView.swift in Sources */ = {isa = PBXBuildFile; fileRef = F58BBA852B248D9300C9437E /* PokemonListItemView.swift */; };
		F58BBA882B24A30000C9437E /* PokemonGridDetail.swift in Sources */ = {isa = PBXBuildFile; fileRef = F58BBA872B24A30000C9437E /* PokemonGridDetail.swift */; };
/* End PBXBuildFile section */

/* Begin PBXFileReference section */
		654E5B462B22278700FBE0CF /* PokemonDetailView.swift */ = {isa = PBXFileReference; lastKnownFileType = sourcecode.swift; path = PokemonDetailView.swift; sourceTree = "<group>"; };
		F5189E442B1D10ED003E6699 /* pokedex.app */ = {isa = PBXFileReference; explicitFileType = wrapper.application; includeInIndex = 0; path = pokedex.app; sourceTree = BUILT_PRODUCTS_DIR; };
		F5189E472B1D10ED003E6699 /* pokedexApp.swift */ = {isa = PBXFileReference; lastKnownFileType = sourcecode.swift; path = pokedexApp.swift; sourceTree = "<group>"; };
		F5189E492B1D10ED003E6699 /* PokemonListView.swift */ = {isa = PBXFileReference; lastKnownFileType = sourcecode.swift; path = PokemonListView.swift; sourceTree = "<group>"; };
		F5189E4B2B1D10EF003E6699 /* Assets.xcassets */ = {isa = PBXFileReference; lastKnownFileType = folder.assetcatalog; path = Assets.xcassets; sourceTree = "<group>"; };
		F5189E4E2B1D10EF003E6699 /* Preview Assets.xcassets */ = {isa = PBXFileReference; lastKnownFileType = folder.assetcatalog; path = "Preview Assets.xcassets"; sourceTree = "<group>"; };
		F5189E5A2B1D2B17003E6699 /* PokemonData.swift */ = {isa = PBXFileReference; lastKnownFileType = sourcecode.swift; path = PokemonData.swift; sourceTree = "<group>"; };
		F546BE262B242E6A00120E02 /* PokemonGridItemView.swift */ = {isa = PBXFileReference; lastKnownFileType = sourcecode.swift; path = PokemonGridItemView.swift; sourceTree = "<group>"; };
		F546BE2E2B243B1700120E02 /* PokedexLogo.swift */ = {isa = PBXFileReference; lastKnownFileType = sourcecode.swift; name = PokedexLogo.swift; path = ../../../PokedexLogo.swift; sourceTree = "<group>"; };
		F58BBA832B248AE400C9437E /* PokemonGridView.swift */ = {isa = PBXFileReference; lastKnownFileType = sourcecode.swift; name = PokemonGridView.swift; path = ../../../PokemonGridView.swift; sourceTree = "<group>"; };
		F58BBA852B248D9300C9437E /* PokemonListItemView.swift */ = {isa = PBXFileReference; lastKnownFileType = sourcecode.swift; name = PokemonListItemView.swift; path = ../../../PokemonListItemView.swift; sourceTree = "<group>"; };
		F58BBA872B24A30000C9437E /* PokemonGridDetail.swift */ = {isa = PBXFileReference; lastKnownFileType = sourcecode.swift; name = PokemonGridDetail.swift; path = ../../../PokemonGridDetail.swift; sourceTree = "<group>"; };
/* End PBXFileReference section */

/* Begin PBXFrameworksBuildPhase section */
		F5189E412B1D10ED003E6699 /* Frameworks */ = {
			isa = PBXFrameworksBuildPhase;
			buildActionMask = 2147483647;
			files = (
			);
			runOnlyForDeploymentPostprocessing = 0;
		};
/* End PBXFrameworksBuildPhase section */

/* Begin PBXGroup section */
		F5189E3B2B1D10ED003E6699 = {
			isa = PBXGroup;
			children = (
				F5189E462B1D10ED003E6699 /* pokedex */,
				F5189E452B1D10ED003E6699 /* Products */,
			);
			sourceTree = "<group>";
		};
		F5189E452B1D10ED003E6699 /* Products */ = {
			isa = PBXGroup;
			children = (
				F5189E442B1D10ED003E6699 /* pokedex.app */,
			);
			name = Products;
			sourceTree = "<group>";
		};
		F5189E462B1D10ED003E6699 /* pokedex */ = {
			isa = PBXGroup;
			children = (
				F5189E472B1D10ED003E6699 /* pokedexApp.swift */,
				F5189E5A2B1D2B17003E6699 /* PokemonData.swift */,
				F546BE2E2B243B1700120E02 /* PokedexLogo.swift */,
				F546BE292B24315F00120E02 /* ListView */,
				F546BE282B242F5A00120E02 /* GridView */,
				F5189E4B2B1D10EF003E6699 /* Assets.xcassets */,
				F5189E4D2B1D10EF003E6699 /* Preview Content */,
			);
			path = pokedex;
			sourceTree = "<group>";
		};
		F5189E4D2B1D10EF003E6699 /* Preview Content */ = {
			isa = PBXGroup;
			children = (
				F5189E4E2B1D10EF003E6699 /* Preview Assets.xcassets */,
			);
			path = "Preview Content";
			sourceTree = "<group>";
		};
		F546BE282B242F5A00120E02 /* GridView */ = {
			isa = PBXGroup;
			children = (
				F58BBA832B248AE400C9437E /* PokemonGridView.swift */,
				F546BE262B242E6A00120E02 /* PokemonGridItemView.swift */,
				F58BBA872B24A30000C9437E /* PokemonGridDetail.swift */,
			);
			name = GridView;
			sourceTree = "<group>";
		};
		F546BE292B24315F00120E02 /* ListView */ = {
			isa = PBXGroup;
			children = (
				F5189E492B1D10ED003E6699 /* PokemonListView.swift */,
				F58BBA852B248D9300C9437E /* PokemonListItemView.swift */,
				654E5B462B22278700FBE0CF /* PokemonDetailView.swift */,
			);
			name = ListView;
			sourceTree = "<group>";
		};
/* End PBXGroup section */

/* Begin PBXNativeTarget section */
		F5189E432B1D10ED003E6699 /* pokedex */ = {
			isa = PBXNativeTarget;
			buildConfigurationList = F5189E522B1D10EF003E6699 /* Build configuration list for PBXNativeTarget "pokedex" */;
			buildPhases = (
				F5189E402B1D10ED003E6699 /* Sources */,
				F5189E412B1D10ED003E6699 /* Frameworks */,
				F5189E422B1D10ED003E6699 /* Resources */,
			);
			buildRules = (
			);
			dependencies = (
			);
			name = pokedex;
			productName = pokedex;
			productReference = F5189E442B1D10ED003E6699 /* pokedex.app */;
			productType = "com.apple.product-type.application";
		};
/* End PBXNativeTarget section */

/* Begin PBXProject section */
		F5189E3C2B1D10ED003E6699 /* Project object */ = {
			isa = PBXProject;
			attributes = {
				BuildIndependentTargetsInParallel = 1;
				LastSwiftUpdateCheck = 1500;
				LastUpgradeCheck = 1500;
				TargetAttributes = {
					F5189E432B1D10ED003E6699 = {
						CreatedOnToolsVersion = 15.0.1;
					};
				};
			};
			buildConfigurationList = F5189E3F2B1D10ED003E6699 /* Build configuration list for PBXProject "pokedex" */;
			compatibilityVersion = "Xcode 14.0";
			developmentRegion = en;
			hasScannedForEncodings = 0;
			knownRegions = (
				en,
				Base,
			);
			mainGroup = F5189E3B2B1D10ED003E6699;
			productRefGroup = F5189E452B1D10ED003E6699 /* Products */;
			projectDirPath = "";
			projectRoot = "";
			targets = (
				F5189E432B1D10ED003E6699 /* pokedex */,
			);
		};
/* End PBXProject section */

/* Begin PBXResourcesBuildPhase section */
		F5189E422B1D10ED003E6699 /* Resources */ = {
			isa = PBXResourcesBuildPhase;
			buildActionMask = 2147483647;
			files = (
				F5189E4F2B1D10EF003E6699 /* Preview Assets.xcassets in Resources */,
				F5189E4C2B1D10EF003E6699 /* Assets.xcassets in Resources */,
			);
			runOnlyForDeploymentPostprocessing = 0;
		};
/* End PBXResourcesBuildPhase section */

/* Begin PBXSourcesBuildPhase section */
		F5189E402B1D10ED003E6699 /* Sources */ = {
			isa = PBXSourcesBuildPhase;
			buildActionMask = 2147483647;
			files = (
				F5189E4A2B1D10ED003E6699 /* PokemonListView.swift in Sources */,
				F58BBA842B248AE500C9437E /* PokemonGridView.swift in Sources */,
				F546BE2F2B243B1700120E02 /* PokedexLogo.swift in Sources */,
				F58BBA862B248D9300C9437E /* PokemonListItemView.swift in Sources */,
				654E5B472B22278700FBE0CF /* PokemonDetailView.swift in Sources */,
				F58BBA882B24A30000C9437E /* PokemonGridDetail.swift in Sources */,
				F5189E5B2B1D2B17003E6699 /* PokemonData.swift in Sources */,
				F546BE272B242F4E00120E02 /* PokemonGridItemView.swift in Sources */,
				F5189E482B1D10ED003E6699 /* pokedexApp.swift in Sources */,
			);
			runOnlyForDeploymentPostprocessing = 0;
		};
/* End PBXSourcesBuildPhase section */

/* Begin XCBuildConfiguration section */
		F5189E502B1D10EF003E6699 /* Debug */ = {
			isa = XCBuildConfiguration;
			buildSettings = {
				ALWAYS_SEARCH_USER_PATHS = NO;
				ASSETCATALOG_COMPILER_GENERATE_SWIFT_ASSET_SYMBOL_EXTENSIONS = YES;
				CLANG_ANALYZER_NONNULL = YES;
				CLANG_ANALYZER_NUMBER_OBJECT_CONVERSION = YES_AGGRESSIVE;
				CLANG_CXX_LANGUAGE_STANDARD = "gnu++20";
				CLANG_ENABLE_MODULES = YES;
				CLANG_ENABLE_OBJC_ARC = YES;
				CLANG_ENABLE_OBJC_WEAK = YES;
				CLANG_WARN_BLOCK_CAPTURE_AUTORELEASING = YES;
				CLANG_WARN_BOOL_CONVERSION = YES;
				CLANG_WARN_COMMA = YES;
				CLANG_WARN_CONSTANT_CONVERSION = YES;
				CLANG_WARN_DEPRECATED_OBJC_IMPLEMENTATIONS = YES;
				CLANG_WARN_DIRECT_OBJC_ISA_USAGE = YES_ERROR;
				CLANG_WARN_DOCUMENTATION_COMMENTS = YES;
				CLANG_WARN_EMPTY_BODY = YES;
				CLANG_WARN_ENUM_CONVERSION = YES;
				CLANG_WARN_INFINITE_RECURSION = YES;
				CLANG_WARN_INT_CONVERSION = YES;
				CLANG_WARN_NON_LITERAL_NULL_CONVERSION = YES;
				CLANG_WARN_OBJC_IMPLICIT_RETAIN_SELF = YES;
				CLANG_WARN_OBJC_LITERAL_CONVERSION = YES;
				CLANG_WARN_OBJC_ROOT_CLASS = YES_ERROR;
				CLANG_WARN_QUOTED_INCLUDE_IN_FRAMEWORK_HEADER = YES;
				CLANG_WARN_RANGE_LOOP_ANALYSIS = YES;
				CLANG_WARN_STRICT_PROTOTYPES = YES;
				CLANG_WARN_SUSPICIOUS_MOVE = YES;
				CLANG_WARN_UNGUARDED_AVAILABILITY = YES_AGGRESSIVE;
				CLANG_WARN_UNREACHABLE_CODE = YES;
				CLANG_WARN__DUPLICATE_METHOD_MATCH = YES;
				COPY_PHASE_STRIP = NO;
				DEBUG_INFORMATION_FORMAT = dwarf;
				ENABLE_STRICT_OBJC_MSGSEND = YES;
				ENABLE_TESTABILITY = YES;
				ENABLE_USER_SCRIPT_SANDBOXING = YES;
				GCC_C_LANGUAGE_STANDARD = gnu17;
				GCC_DYNAMIC_NO_PIC = NO;
				GCC_NO_COMMON_BLOCKS = YES;
				GCC_OPTIMIZATION_LEVEL = 0;
				GCC_PREPROCESSOR_DEFINITIONS = (
					"DEBUG=1",
					"$(inherited)",
				);
				GCC_WARN_64_TO_32_BIT_CONVERSION = YES;
				GCC_WARN_ABOUT_RETURN_TYPE = YES_ERROR;
				GCC_WARN_UNDECLARED_SELECTOR = YES;
				GCC_WARN_UNINITIALIZED_AUTOS = YES_AGGRESSIVE;
				GCC_WARN_UNUSED_FUNCTION = YES;
				GCC_WARN_UNUSED_VARIABLE = YES;
				IPHONEOS_DEPLOYMENT_TARGET = 17.0;
				LOCALIZATION_PREFERS_STRING_CATALOGS = YES;
				MTL_ENABLE_DEBUG_INFO = INCLUDE_SOURCE;
				MTL_FAST_MATH = YES;
				ONLY_ACTIVE_ARCH = YES;
				SDKROOT = iphoneos;
				SWIFT_ACTIVE_COMPILATION_CONDITIONS = "DEBUG $(inherited)";
				SWIFT_OPTIMIZATION_LEVEL = "-Onone";
			};
			name = Debug;
		};
		F5189E512B1D10EF003E6699 /* Release */ = {
			isa = XCBuildConfiguration;
			buildSettings = {
				ALWAYS_SEARCH_USER_PATHS = NO;
				ASSETCATALOG_COMPILER_GENERATE_SWIFT_ASSET_SYMBOL_EXTENSIONS = YES;
				CLANG_ANALYZER_NONNULL = YES;
				CLANG_ANALYZER_NUMBER_OBJECT_CONVERSION = YES_AGGRESSIVE;
				CLANG_CXX_LANGUAGE_STANDARD = "gnu++20";
				CLANG_ENABLE_MODULES = YES;
				CLANG_ENABLE_OBJC_ARC = YES;
				CLANG_ENABLE_OBJC_WEAK = YES;
				CLANG_WARN_BLOCK_CAPTURE_AUTORELEASING = YES;
				CLANG_WARN_BOOL_CONVERSION = YES;
				CLANG_WARN_COMMA = YES;
				CLANG_WARN_CONSTANT_CONVERSION = YES;
				CLANG_WARN_DEPRECATED_OBJC_IMPLEMENTATIONS = YES;
				CLANG_WARN_DIRECT_OBJC_ISA_USAGE = YES_ERROR;
				CLANG_WARN_DOCUMENTATION_COMMENTS = YES;
				CLANG_WARN_EMPTY_BODY = YES;
				CLANG_WARN_ENUM_CONVERSION = YES;
				CLANG_WARN_INFINITE_RECURSION = YES;
				CLANG_WARN_INT_CONVERSION = YES;
				CLANG_WARN_NON_LITERAL_NULL_CONVERSION = YES;
				CLANG_WARN_OBJC_IMPLICIT_RETAIN_SELF = YES;
				CLANG_WARN_OBJC_LITERAL_CONVERSION = YES;
				CLANG_WARN_OBJC_ROOT_CLASS = YES_ERROR;
				CLANG_WARN_QUOTED_INCLUDE_IN_FRAMEWORK_HEADER = YES;
				CLANG_WARN_RANGE_LOOP_ANALYSIS = YES;
				CLANG_WARN_STRICT_PROTOTYPES = YES;
				CLANG_WARN_SUSPICIOUS_MOVE = YES;
				CLANG_WARN_UNGUARDED_AVAILABILITY = YES_AGGRESSIVE;
				CLANG_WARN_UNREACHABLE_CODE = YES;
				CLANG_WARN__DUPLICATE_METHOD_MATCH = YES;
				COPY_PHASE_STRIP = NO;
				DEBUG_INFORMATION_FORMAT = "dwarf-with-dsym";
				ENABLE_NS_ASSERTIONS = NO;
				ENABLE_STRICT_OBJC_MSGSEND = YES;
				ENABLE_USER_SCRIPT_SANDBOXING = YES;
				GCC_C_LANGUAGE_STANDARD = gnu17;
				GCC_NO_COMMON_BLOCKS = YES;
				GCC_WARN_64_TO_32_BIT_CONVERSION = YES;
				GCC_WARN_ABOUT_RETURN_TYPE = YES_ERROR;
				GCC_WARN_UNDECLARED_SELECTOR = YES;
				GCC_WARN_UNINITIALIZED_AUTOS = YES_AGGRESSIVE;
				GCC_WARN_UNUSED_FUNCTION = YES;
				GCC_WARN_UNUSED_VARIABLE = YES;
				IPHONEOS_DEPLOYMENT_TARGET = 17.0;
				LOCALIZATION_PREFERS_STRING_CATALOGS = YES;
				MTL_ENABLE_DEBUG_INFO = NO;
				MTL_FAST_MATH = YES;
				SDKROOT = iphoneos;
				SWIFT_COMPILATION_MODE = wholemodule;
				VALIDATE_PRODUCT = YES;
			};
			name = Release;
		};
		F5189E532B1D10EF003E6699 /* Debug */ = {
			isa = XCBuildConfiguration;
			buildSettings = {
				ASSETCATALOG_COMPILER_APPICON_NAME = AppIcon;
				ASSETCATALOG_COMPILER_GLOBAL_ACCENT_COLOR_NAME = AccentColor;
				CODE_SIGN_STYLE = Automatic;
				CURRENT_PROJECT_VERSION = 1;
				DEVELOPMENT_ASSET_PATHS = "\"pokedex/Preview Content\"";
				ENABLE_PREVIEWS = YES;
				GENERATE_INFOPLIST_FILE = YES;
				INFOPLIST_KEY_UIApplicationSceneManifest_Generation = YES;
				INFOPLIST_KEY_UIApplicationSupportsIndirectInputEvents = YES;
				INFOPLIST_KEY_UILaunchScreen_Generation = YES;
				INFOPLIST_KEY_UISupportedInterfaceOrientations_iPad = "UIInterfaceOrientationPortrait UIInterfaceOrientationPortraitUpsideDown UIInterfaceOrientationLandscapeLeft UIInterfaceOrientationLandscapeRight";
				INFOPLIST_KEY_UISupportedInterfaceOrientations_iPhone = "UIInterfaceOrientationPortrait UIInterfaceOrientationLandscapeLeft UIInterfaceOrientationLandscapeRight";
				LD_RUNPATH_SEARCH_PATHS = (
					"$(inherited)",
					"@executable_path/Frameworks",
				);
				MARKETING_VERSION = 1.0;
				PRODUCT_BUNDLE_IDENTIFIER = com.angelo.pokedex;
				PRODUCT_NAME = "$(TARGET_NAME)";
				SWIFT_EMIT_LOC_STRINGS = YES;
				SWIFT_VERSION = 5.0;
				TARGETED_DEVICE_FAMILY = "1,2";
			};
			name = Debug;
		};
		F5189E542B1D10EF003E6699 /* Release */ = {
			isa = XCBuildConfiguration;
			buildSettings = {
				ASSETCATALOG_COMPILER_APPICON_NAME = AppIcon;
				ASSETCATALOG_COMPILER_GLOBAL_ACCENT_COLOR_NAME = AccentColor;
				CODE_SIGN_STYLE = Automatic;
				CURRENT_PROJECT_VERSION = 1;
				DEVELOPMENT_ASSET_PATHS = "\"pokedex/Preview Content\"";
				ENABLE_PREVIEWS = YES;
				GENERATE_INFOPLIST_FILE = YES;
				INFOPLIST_KEY_UIApplicationSceneManifest_Generation = YES;
				INFOPLIST_KEY_UIApplicationSupportsIndirectInputEvents = YES;
				INFOPLIST_KEY_UILaunchScreen_Generation = YES;
				INFOPLIST_KEY_UISupportedInterfaceOrientations_iPad = "UIInterfaceOrientationPortrait UIInterfaceOrientationPortraitUpsideDown UIInterfaceOrientationLandscapeLeft UIInterfaceOrientationLandscapeRight";
				INFOPLIST_KEY_UISupportedInterfaceOrientations_iPhone = "UIInterfaceOrientationPortrait UIInterfaceOrientationLandscapeLeft UIInterfaceOrientationLandscapeRight";
				LD_RUNPATH_SEARCH_PATHS = (
					"$(inherited)",
					"@executable_path/Frameworks",
				);
				MARKETING_VERSION = 1.0;
				PRODUCT_BUNDLE_IDENTIFIER = com.angelo.pokedex;
				PRODUCT_NAME = "$(TARGET_NAME)";
				SWIFT_EMIT_LOC_STRINGS = YES;
				SWIFT_VERSION = 5.0;
				TARGETED_DEVICE_FAMILY = "1,2";
			};
			name = Release;
		};
/* End XCBuildConfiguration section */

/* Begin XCConfigurationList section */
		F5189E3F2B1D10ED003E6699 /* Build configuration list for PBXProject "pokedex" */ = {
			isa = XCConfigurationList;
			buildConfigurations = (
				F5189E502B1D10EF003E6699 /* Debug */,
				F5189E512B1D10EF003E6699 /* Release */,
			);
			defaultConfigurationIsVisible = 0;
			defaultConfigurationName = Release;
		};
		F5189E522B1D10EF003E6699 /* Build configuration list for PBXNativeTarget "pokedex" */ = {
			isa = XCConfigurationList;
			buildConfigurations = (
				F5189E532B1D10EF003E6699 /* Debug */,
				F5189E542B1D10EF003E6699 /* Release */,
			);
			defaultConfigurationIsVisible = 0;
			defaultConfigurationName = Release;
		};
/* End XCConfigurationList section */
	};
	rootObject = F5189E3C2B1D10ED003E6699 /* Project object */;
}
